
Microsoft Visual Studio Solution File, Format Version 12.00
# Visual Studio 15
VisualStudioVersion = 15.0.26730.16
MinimumVisualStudioVersion = 10.0.40219.1
Project("{FAE04EC0-301F-11D3-BF4B-00C04F79EFBC}") = "WinFFmpeg1114", "WinFFmpeg1114\WinFFmpeg1114.csproj", "{C8DFEFA7-5BC3-4217-88DC-791020D6A909}"
EndProject
Global
	GlobalSection(SolutionConfigurationPlatforms) = preSolution
		Debug|Any CPU = Debug|Any CPU
		Release|Any CPU = Release|Any CPU
	EndGlobalSection
	GlobalSection(ProjectConfigurationPlatforms) = postSolution
		{C8DFEFA7-5BC3-4217-88DC-791020D6A909}.Debug|Any CPU.ActiveCfg = Debug|Any CPU
		{C8DFEFA7-5BC3-4217-88DC-791020D6A909}.Debug|Any CPU.Build.0 = Debug|Any CPU
		{C8DFEFA7-5BC3-4217-88DC-791020D6A909}.Release|Any CPU.ActiveCfg = Release|Any CPU
		{C8DFEFA7-5BC3-4217-88DC-791020D6A909}.Release|Any CPU.Build.0 = Release|Any CPU
	EndGlobalSection
	GlobalSection(SolutionProperties) = preSolution
		HideSolutionNode = FALSE
	EndGlobalSection
	GlobalSection(ExtensibilityGlobals) = postSolution
		SolutionGuid = {57A1F4AD-1B19-45CC-BE64-C371990EE419}
	EndGlobalSection
EndGlobal
