
Microsoft Visual Studio Solution File, Format Version 12.00
# Visual Studio 15
VisualStudioVersion = 15.0.26730.16
MinimumVisualStudioVersion = 10.0.40219.1
Project("{FAE04EC0-301F-11D3-BF4B-00C04F79EFBC}") = "WinFFmpeg1222", "WinFFmpeg1222\WinFFmpeg1222.csproj", "{3ADE1F91-E002-48C1-BA6E-AA3AD6A5C55D}"
EndProject
Global
	GlobalSection(SolutionConfigurationPlatforms) = preSolution
		Debug|Any CPU = Debug|Any CPU
		Release|Any CPU = Release|Any CPU
	EndGlobalSection
	GlobalSection(ProjectConfigurationPlatforms) = postSolution
		{3ADE1F91-E002-48C1-BA6E-AA3AD6A5C55D}.Debug|Any CPU.ActiveCfg = Debug|Any CPU
		{3ADE1F91-E002-48C1-BA6E-AA3AD6A5C55D}.Debug|Any CPU.Build.0 = Debug|Any CPU
		{3ADE1F91-E002-48C1-BA6E-AA3AD6A5C55D}.Release|Any CPU.ActiveCfg = Release|Any CPU
		{3ADE1F91-E002-48C1-BA6E-AA3AD6A5C55D}.Release|Any CPU.Build.0 = Release|Any CPU
	EndGlobalSection
	GlobalSection(SolutionProperties) = preSolution
		HideSolutionNode = FALSE
	EndGlobalSection
	GlobalSection(ExtensibilityGlobals) = postSolution
		SolutionGuid = {1AB6FEC1-088F-4929-9B56-5B8D80CE3A1A}
	EndGlobalSection
EndGlobal
